{
  "name": "trix-dev-tools",
  "version": "1.0.0",
  "lockfileVersion": 3,
  "requires": true,
  "packages": {
    "": {
      "name": "trix-dev-tools",
      "version": "1.0.0",
      "dependencies": {
        "php-wasm": "^0.2.0",
        "php-wasm-mbstring": "^0.2.0",
        "php-wasm-sqlite": "^0.2.0"
      }
    },
    "node_modules/php-wasm": {
      "version": "0.2.0",
      "resolved": "https://registry.npmjs.org/php-wasm/-/php-wasm-0.2.0.tgz",
      "integrity": "sha512-wID1a+RuyIlgk414FoBKM5z9UZ0sD4gl8Lu4fqy3K7d6kdZhfiC9u1/s3xJo5Is8ebj3VLiCVyp9INyZcgLuoA==",
      "license": "(Apache-2.0 OR GPL-2.0-only)"
    },
    "node_modules/php-wasm-mbstring": {
      "version": "0.2.0",
      "resolved": "https://registry.npmjs.org/php-wasm-mbstring/-/php-wasm-mbstring-0.2.0.tgz",
      "integrity": "sha512-Gnr7JnL8gGotFX6PKNHdunJVCSu7MAz2EYypK0FNUB1wg6n3JihGIvu3SqdVLbS36i9q9OEax63asZvSTSXrCA==",
      "license": "(Apache-2.0 OR GPL-2.0-only)"
    },
    "node_modules/php-wasm-sqlite": {
      "version": "0.2.0",
      "resolved": "https://registry.npmjs.org/php-wasm-sqlite/-/php-wasm-sqlite-0.2.0.tgz",
      "integrity": "sha512-80uTk7OfY6kE/+0aSjoHsx2UcxMlIlX9aATZsds4dm40Amx6QmuhszVK5xh1aEqREZYA2DIupmtW1e+D0nxz6Q==",
      "license": "(Apache-2.0 OR GPL-2.0-only)"
    }
  }
}
